
Microsoft Visual Studio Solution File, Format Version 12.00
# Visual Studio 15
VisualStudioVersion = 15.0.28307.902
MinimumVisualStudioVersion = 10.0.40219.1
Project("{FAE04EC0-301F-11D3-BF4B-00C04F79EFBC}") = "ProdutosMarcas.Dominio", "ProdutosMarcas.Dominio\ProdutosMarcas.Dominio.csproj", "{03DB0763-07AB-4C34-A2F1-BCBC50AA52EC}"
EndProject
Project("{FAE04EC0-301F-11D3-BF4B-00C04F79EFBC}") = "ProdutosMarcas.Persistencia.EF", "ProdutosMarcas.Persistencia.EF\ProdutosMarcas.Persistencia.EF.csproj", "{75A49B11-E9FE-488C-A785-64065B2208B3}"
EndProject
Project("{FAE04EC0-301F-11D3-BF4B-00C04F79EFBC}") = "ProdutosMarcas.Repositorio.Comum", "ProdutosMarcas.Repositorio.Comum\ProdutosMarcas.Repositorio.Comum.csproj", "{49E3002F-2AEE-427E-B100-1356F3287D67}"
EndProject
Project("{FAE04EC0-301F-11D3-BF4B-00C04F79EFBC}") = "ProdutosMarcas.Repositorio.EF", "ProdutosMarcas.Repositorio.EF\ProdutosMarcas.Repositorio.EF.csproj", "{6476F6C9-9261-46C5-A2E7-F0E3837349BA}"
EndProject
Project("{FAE04EC0-301F-11D3-BF4B-00C04F79EFBC}") = "ProdutosMarcas.Apresentacao", "ProdutosMarcas.Apresentacao\ProdutosMarcas.Apresentacao.csproj", "{7F89CAF2-5F7C-4362-A04A-0196ADF2392C}"
EndProject
Global
	GlobalSection(SolutionConfigurationPlatforms) = preSolution
		Debug|Any CPU = Debug|Any CPU
		Release|Any CPU = Release|Any CPU
	EndGlobalSection
	GlobalSection(ProjectConfigurationPlatforms) = postSolution
		{03DB0763-07AB-4C34-A2F1-BCBC50AA52EC}.Debug|Any CPU.ActiveCfg = Debug|Any CPU
		{03DB0763-07AB-4C34-A2F1-BCBC50AA52EC}.Debug|Any CPU.Build.0 = Debug|Any CPU
		{03DB0763-07AB-4C34-A2F1-BCBC50AA52EC}.Release|Any CPU.ActiveCfg = Release|Any CPU
		{03DB0763-07AB-4C34-A2F1-BCBC50AA52EC}.Release|Any CPU.Build.0 = Release|Any CPU
		{75A49B11-E9FE-488C-A785-64065B2208B3}.Debug|Any CPU.ActiveCfg = Debug|Any CPU
		{75A49B11-E9FE-488C-A785-64065B2208B3}.Debug|Any CPU.Build.0 = Debug|Any CPU
		{75A49B11-E9FE-488C-A785-64065B2208B3}.Release|Any CPU.ActiveCfg = Release|Any CPU
		{75A49B11-E9FE-488C-A785-64065B2208B3}.Release|Any CPU.Build.0 = Release|Any CPU
		{49E3002F-2AEE-427E-B100-1356F3287D67}.Debug|Any CPU.ActiveCfg = Debug|Any CPU
		{49E3002F-2AEE-427E-B100-1356F3287D67}.Debug|Any CPU.Build.0 = Debug|Any CPU
		{49E3002F-2AEE-427E-B100-1356F3287D67}.Release|Any CPU.ActiveCfg = Release|Any CPU
		{49E3002F-2AEE-427E-B100-1356F3287D67}.Release|Any CPU.Build.0 = Release|Any CPU
		{6476F6C9-9261-46C5-A2E7-F0E3837349BA}.Debug|Any CPU.ActiveCfg = Debug|Any CPU
		{6476F6C9-9261-46C5-A2E7-F0E3837349BA}.Debug|Any CPU.Build.0 = Debug|Any CPU
		{6476F6C9-9261-46C5-A2E7-F0E3837349BA}.Release|Any CPU.ActiveCfg = Release|Any CPU
		{6476F6C9-9261-46C5-A2E7-F0E3837349BA}.Release|Any CPU.Build.0 = Release|Any CPU
		{7F89CAF2-5F7C-4362-A04A-0196ADF2392C}.Debug|Any CPU.ActiveCfg = Debug|Any CPU
		{7F89CAF2-5F7C-4362-A04A-0196ADF2392C}.Debug|Any CPU.Build.0 = Debug|Any CPU
		{7F89CAF2-5F7C-4362-A04A-0196ADF2392C}.Release|Any CPU.ActiveCfg = Release|Any CPU
		{7F89CAF2-5F7C-4362-A04A-0196ADF2392C}.Release|Any CPU.Build.0 = Release|Any CPU
	EndGlobalSection
	GlobalSection(SolutionProperties) = preSolution
		HideSolutionNode = FALSE
	EndGlobalSection
	GlobalSection(ExtensibilityGlobals) = postSolution
		SolutionGuid = {0043659A-5F00-404F-847B-08EC094751AF}
	EndGlobalSection
EndGlobal
